
Microsoft Visual Studio Solution File, Format Version 12.00
# Visual Studio Version 16
VisualStudioVersion = 16.0.29613.14
MinimumVisualStudioVersion = 10.0.40219.1
Project("{FAE04EC0-301F-11D3-BF4B-00C04F79EFBC}") = "WebCam", "WebCam\WebCam.csproj", "{33AA4677-D3D6-4BF3-9762-3CA9566D950F}"
EndProject
Global
	GlobalSection(SolutionConfigurationPlatforms) = preSolution
		Debug|Any CPU = Debug|Any CPU
		Release|Any CPU = Release|Any CPU
	EndGlobalSection
	GlobalSection(ProjectConfigurationPlatforms) = postSolution
		{33AA4677-D3D6-4BF3-9762-3CA9566D950F}.Debug|Any CPU.ActiveCfg = Debug|Any CPU
		{33AA4677-D3D6-4BF3-9762-3CA9566D950F}.Debug|Any CPU.Build.0 = Debug|Any CPU
		{33AA4677-D3D6-4BF3-9762-3CA9566D950F}.Release|Any CPU.ActiveCfg = Release|Any CPU
		{33AA4677-D3D6-4BF3-9762-3CA9566D950F}.Release|Any CPU.Build.0 = Release|Any CPU
	EndGlobalSection
	GlobalSection(SolutionProperties) = preSolution
		HideSolutionNode = FALSE
	EndGlobalSection
	GlobalSection(ExtensibilityGlobals) = postSolution
		SolutionGuid = {01914031-FA8D-4A46-AC3E-9E2FEB0EAC7B}
	EndGlobalSection
EndGlobal
